
Microsoft Visual Studio Solution File, Format Version 12.00
# Visual Studio Version 17
VisualStudioVersion = 17.3.32825.248
MinimumVisualStudioVersion = 10.0.40219.1
Project("{9A19103F-16F7-4668-BE54-9A1E7A4F7556}") = "CollegeManagement", "CollegeManment\CollegeManagement.csproj", "{F510C599-9C40-47AE-9869-695E42AE136D}"
EndProject
Global
	GlobalSection(SolutionConfigurationPlatforms) = preSolution
		Debug|Any CPU = Debug|Any CPU
		Release|Any CPU = Release|Any CPU
	EndGlobalSection
	GlobalSection(ProjectConfigurationPlatforms) = postSolution
		{F510C599-9C40-47AE-9869-695E42AE136D}.Debug|Any CPU.ActiveCfg = Debug|Any CPU
		{F510C599-9C40-47AE-9869-695E42AE136D}.Debug|Any CPU.Build.0 = Debug|Any CPU
		{F510C599-9C40-47AE-9869-695E42AE136D}.Release|Any CPU.ActiveCfg = Release|Any CPU
		{F510C599-9C40-47AE-9869-695E42AE136D}.Release|Any CPU.Build.0 = Release|Any CPU
	EndGlobalSection
	GlobalSection(SolutionProperties) = preSolution
		HideSolutionNode = FALSE
	EndGlobalSection
	GlobalSection(ExtensibilityGlobals) = postSolution
		SolutionGuid = {0000E8AF-5A69-4492-90F5-2CC676B1F848}
	EndGlobalSection
EndGlobal
